// !$*UTF8*$!
{
	archiveVersion = 1;
	classes = {
	};
	objectVersion = 46;
	objects = {

/* Begin PBXBuildFile section */
		72126EB41C2BEBF200BCDE83 /* AppDelegate.swift in Sources */ = {isa = PBXBuildFile; fileRef = 72126EB31C2BEBF200BCDE83 /* AppDelegate.swift */; };
		72126EB61C2BEBF200BCDE83 /* ViewController.swift in Sources */ = {isa = PBXBuildFile; fileRef = 72126EB51C2BEBF200BCDE83 /* ViewController.swift */; };
		72126EB91C2BEBF300BCDE83 /* Main.storyboard in Resources */ = {isa = PBXBuildFile; fileRef = 72126EB71C2BEBF300BCDE83 /* Main.storyboard */; };
		72126EBB1C2BEBF300BCDE83 /* Assets.xcassets in Resources */ = {isa = PBXBuildFile; fileRef = 72126EBA1C2BEBF300BCDE83 /* Assets.xcassets */; };
		72126EBE1C2BEBF300BCDE83 /* LaunchScreen.storyboard in Resources */ = {isa = PBXBuildFile; fileRef = 72126EBC1C2BEBF300BCDE83 /* LaunchScreen.storyboard */; };
/* End PBXBuildFile section */

/* Begin PBXFileReference section */
		72126EB01C2BEBF200BCDE83 /* RedBlueTest.app */ = {isa = PBXFileReference; explicitFileType = wrapper.application; includeInIndex = 0; path = RedBlueTest.app; sourceTree = BUILT_PRODUCTS_DIR; };
		72126EB31C2BEBF200BCDE83 /* AppDelegate.swift */ = {isa = PBXFileReference; lastKnownFileType = sourcecode.swift; path = AppDelegate.swift; sourceTree = "<group>"; };
		72126EB51C2BEBF200BCDE83 /* ViewController.swift */ = {isa = PBXFileReference; lastKnownFileType = sourcecode.swift; path = ViewController.swift; sourceTree = "<group>"; };
		72126EB81C2BEBF300BCDE83 /* Base */ = {isa = PBXFileReference; lastKnownFileType = file.storyboard; name = Base; path = Base.lproj/Main.storyboard; sourceTree = "<group>"; };
		72126EBA1C2BEBF300BCDE83 /* Assets.xcassets */ = {isa = PBXFileReference; lastKnownFileType = folder.assetcatalog; path = Assets.xcassets; sourceTree = "<group>"; };
		72126EBD1C2BEBF300BCDE83 /* Base */ = {isa = PBXFileReference; lastKnownFileType = file.storyboard; name = Base; path = Base.lproj/LaunchScreen.storyboard; sourceTree = "<group>"; };
		72126EBF1C2BEBF300BCDE83 /* Info.plist */ = {isa = PBXFileReference; lastKnownFileType = text.plist.xml; path = Info.plist; sourceTree = "<group>"; };
/* End PBXFileReference section */

/* Begin PBXFrameworksBuildPhase section */
		72126EAD1C2BEBF200BCDE83 /* Frameworks */ = {
			isa = PBXFrameworksBuildPhase;
			buildActionMask = 2147483647;
			files = (
			);
			runOnlyForDeploymentPostprocessing = 0;
		};
/* End PBXFrameworksBuildPhase section */

/* Begin PBXGroup section */
		72126EA71C2BEBF100BCDE83 = {
			isa = PBXGroup;
			children = (
				72126EB21C2BEBF200BCDE83 /* RedBlueTest */,
				72126EB11C2BEBF200BCDE83 /* Products */,
			);
			sourceTree = "<group>";
		};
		72126EB11C2BEBF200BCDE83 /* Products */ = {
			isa = PBXGroup;
			children = (
				72126EB01C2BEBF200BCDE83 /* RedBlueTest.app */,
			);
			name = Products;
			sourceTree = "<group>";
		};
		72126EB21C2BEBF200BCDE83 /* RedBlueTest */ = {
			isa = PBXGroup;
			children = (
				72126EB31C2BEBF200BCDE83 /* AppDelegate.swift */,
				72126EB51C2BEBF200BCDE83 /* ViewController.swift */,
				72126EB71C2BEBF300BCDE83 /* Main.storyboard */,
				72126EBA1C2BEBF300BCDE83 /* Assets.xcassets */,
				72126EBC1C2BEBF300BCDE83 /* LaunchScreen.storyboard */,
				72126EBF1C2BEBF300BCDE83 /* Info.plist */,
			);
			path = RedBlueTest;
			sourceTree = "<group>";
		};
/* End PBXGroup section */

/* Begin PBXNativeTarget section */
		72126EAF1C2BEBF200BCDE83 /* RedBlueTest */ = {
			isa = PBXNativeTarget;
			buildConfigurationList = 72126EC21C2BEBF300BCDE83 /* Build configuration list for PBXNativeTarget "RedBlueTest" */;
			buildPhases = (
				72126EAC1C2BEBF200BCDE83 /* Sources */,
				72126EAD1C2BEBF200BCDE83 /* Frameworks */,
				72126EAE1C2BEBF200BCDE83 /* Resources */,
			);
			buildRules = (
			);
			dependencies = (
			);
			name = RedBlueTest;
			productName = RedBlueTest;
			productReference = 72126EB01C2BEBF200BCDE83 /* RedBlueTest.app */;
			productType = "com.apple.product-type.application";
		};
/* End PBXNativeTarget section */

/* Begin PBXProject section */
		72126EA81C2BEBF100BCDE83 /* Project object */ = {
			isa = PBXProject;
			attributes = {
				LastSwiftUpdateCheck = 0720;
				LastUpgradeCheck = 0720;
				ORGANIZATIONNAME = "Todd Hassell";
				TargetAttributes = {
					72126EAF1C2BEBF200BCDE83 = {
						CreatedOnToolsVersion = 7.2;
						DevelopmentTeam = 4Z92Q58P4A;
					};
				};
			};
			buildConfigurationList = 72126EAB1C2BEBF100BCDE83 /* Build configuration list for PBXProject "RedBlueTest" */;
			compatibilityVersion = "Xcode 3.2";
			developmentRegion = English;
			hasScannedForEncodings = 0;
			knownRegions = (
				en,
				Base,
			);
			mainGroup = 72126EA71C2BEBF100BCDE83;
			productRefGroup = 72126EB11C2BEBF200BCDE83 /* Products */;
			projectDirPath = "";
			projectRoot = "";
			targets = (
				72126EAF1C2BEBF200BCDE83 /* RedBlueTest */,
			);
		};
/* End PBXProject section */

/* Begin PBXResourcesBuildPhase section */
		72126EAE1C2BEBF200BCDE83 /* Resources */ = {
			isa = PBXResourcesBuildPhase;
			buildActionMask = 2147483647;
			files = (
				72126EBE1C2BEBF300BCDE83 /* LaunchScreen.storyboard in Resources */,
				72126EBB1C2BEBF300BCDE83 /* Assets.xcassets in Resources */,
				72126EB91C2BEBF300BCDE83 /* Main.storyboard in Resources */,
			);
			runOnlyForDeploymentPostprocessing = 0;
		};
/* End PBXResourcesBuildPhase section */

/* Begin PBXSourcesBuildPhase section */
		72126EAC1C2BEBF200BCDE83 /* Sources */ = {
			isa = PBXSourcesBuildPhase;
			buildActionMask = 2147483647;
			files = (
				72126EB61C2BEBF200BCDE83 /* ViewController.swift in Sources */,
				72126EB41C2BEBF200BCDE83 /* AppDelegate.swift in Sources */,
			);
			runOnlyForDeploymentPostprocessing = 0;
		};
/* End PBXSourcesBuildPhase section */

/* Begin PBXVariantGroup section */
		72126EB71C2BEBF300BCDE83 /* Main.storyboard */ = {
			isa = PBXVariantGroup;
			children = (
				72126EB81C2BEBF300BCDE83 /* Base */,
			);
			name = Main.storyboard;
			sourceTree = "<group>";
		};
		72126EBC1C2BEBF300BCDE83 /* LaunchScreen.storyboard */ = {
			isa = PBXVariantGroup;
			children = (
				72126EBD1C2BEBF300BCDE83 /* Base */,
			);
			name = LaunchScreen.storyboard;
			sourceTree = "<group>";
		};
/* End PBXVariantGroup section */

/* Begin XCBuildConfiguration section */
		72126EC01C2BEBF300BCDE83 /* Debug */ = {
			isa = XCBuildConfiguration;
			buildSettings = {
				ALWAYS_SEARCH_USER_PATHS = NO;
				CLANG_CXX_LANGUAGE_STANDARD = "gnu++0x";
				CLANG_CXX_LIBRARY = "libc++";
				CLANG_ENABLE_MODULES = YES;
				CLANG_ENABLE_OBJC_ARC = YES;
				CLANG_WARN_BOOL_CONVERSION = YES;
				CLANG_WARN_CONSTANT_CONVERSION = YES;
				CLANG_WARN_DIRECT_OBJC_ISA_USAGE = YES_ERROR;
				CLANG_WARN_EMPTY_BODY = YES;
				CLANG_WARN_ENUM_CONVERSION = YES;
				CLANG_WARN_INT_CONVERSION = YES;
				CLANG_WARN_OBJC_ROOT_CLASS = YES_ERROR;
				CLANG_WARN_UNREACHABLE_CODE = YES;
				CLANG_WARN__DUPLICATE_METHOD_MATCH = YES;
				"CODE_SIGN_IDENTITY[sdk=iphoneos*]" = "iPhone Developer";
				COPY_PHASE_STRIP = NO;
				DEBUG_INFORMATION_FORMAT = dwarf;
				ENABLE_STRICT_OBJC_MSGSEND = YES;
				ENABLE_TESTABILITY = YES;
				GCC_C_LANGUAGE_STANDARD = gnu99;
				GCC_DYNAMIC_NO_PIC = NO;
				GCC_NO_COMMON_BLOCKS = YES;
				GCC_OPTIMIZATION_LEVEL = 0;
				GCC_PREPROCESSOR_DEFINITIONS = (
					"DEBUG=1",
					"$(inherited)",
				);
				GCC_WARN_64_TO_32_BIT_CONVERSION = YES;
				GCC_WARN_ABOUT_RETURN_TYPE = YES_ERROR;
				GCC_WARN_UNDECLARED_SELECTOR = YES;
				GCC_WARN_UNINITIALIZED_AUTOS = YES_AGGRESSIVE;
				GCC_WARN_UNUSED_FUNCTION = YES;
				GCC_WARN_UNUSED_VARIABLE = YES;
				IPHONEOS_DEPLOYMENT_TARGET = 9.2;
				MTL_ENABLE_DEBUG_INFO = YES;
				ONLY_ACTIVE_ARCH = YES;
				SDKROOT = iphoneos;
				SWIFT_OPTIMIZATION_LEVEL = "-Onone";
			};
			name = Debug;
		};
		72126EC11C2BEBF300BCDE83 /* Release */ = {
			isa = XCBuildConfiguration;
			buildSettings = {
				ALWAYS_SEARCH_USER_PATHS = NO;
				CLANG_CXX_LANGUAGE_STANDARD = "gnu++0x";
				CLANG_CXX_LIBRARY = "libc++";
				CLANG_ENABLE_MODULES = YES;
				CLANG_ENABLE_OBJC_ARC = YES;
				CLANG_WARN_BOOL_CONVERSION = YES;
				CLANG_WARN_CONSTANT_CONVERSION = YES;
				CLANG_WARN_DIRECT_OBJC_ISA_USAGE = YES_ERROR;
				CLANG_WARN_EMPTY_BODY = YES;
				CLANG_WARN_ENUM_CONVERSION = YES;
				CLANG_WARN_INT_CONVERSION = YES;
				CLANG_WARN_OBJC_ROOT_CLASS = YES_ERROR;
				CLANG_WARN_UNREACHABLE_CODE = YES;
				CLANG_WARN__DUPLICATE_METHOD_MATCH = YES;
				"CODE_SIGN_IDENTITY[sdk=iphoneos*]" = "iPhone Developer";
				COPY_PHASE_STRIP = NO;
				DEBUG_INFORMATION_FORMAT = "dwarf-with-dsym";
				ENABLE_NS_ASSERTIONS = NO;
				ENABLE_STRICT_OBJC_MSGSEND = YES;
				GCC_C_LANGUAGE_STANDARD = gnu99;
				GCC_NO_COMMON_BLOCKS = YES;
				GCC_WARN_64_TO_32_BIT_CONVERSION = YES;
				GCC_WARN_ABOUT_RETURN_TYPE = YES_ERROR;
				GCC_WARN_UNDECLARED_SELECTOR = YES;
				GCC_WARN_UNINITIALIZED_AUTOS = YES_AGGRESSIVE;
				GCC_WARN_UNUSED_FUNCTION = YES;
				GCC_WARN_UNUSED_VARIABLE = YES;
				IPHONEOS_DEPLOYMENT_TARGET = 9.2;
				MTL_ENABLE_DEBUG_INFO = NO;
				SDKROOT = iphoneos;
				VALIDATE_PRODUCT = YES;
			};
			name = Release;
		};
		72126EC31C2BEBF300BCDE83 /* Debug */ = {
			isa = XCBuildConfiguration;
			buildSettings = {
				ASSETCATALOG_COMPILER_APPICON_NAME = AppIcon;
				INFOPLIST_FILE = RedBlueTest/Info.plist;
				LD_RUNPATH_SEARCH_PATHS = "$(inherited) @executable_path/Frameworks";
				PRODUCT_BUNDLE_IDENTIFIER = net.wordoftodd.RedBlueTest;
				PRODUCT_NAME = "$(TARGET_NAME)";
			};
			name = Debug;
		};
		72126EC41C2BEBF300BCDE83 /* Release */ = {
			isa = XCBuildConfiguration;
			buildSettings = {
				ASSETCATALOG_COMPILER_APPICON_NAME = AppIcon;
				INFOPLIST_FILE = RedBlueTest/Info.plist;
				LD_RUNPATH_SEARCH_PATHS = "$(inherited) @executable_path/Frameworks";
				PRODUCT_BUNDLE_IDENTIFIER = net.wordoftodd.RedBlueTest;
				PRODUCT_NAME = "$(TARGET_NAME)";
			};
			name = Release;
		};
/* End XCBuildConfiguration section */

/* Begin XCConfigurationList section */
		72126EAB1C2BEBF100BCDE83 /* Build configuration list for PBXProject "RedBlueTest" */ = {
			isa = XCConfigurationList;
			buildConfigurations = (
				72126EC01C2BEBF300BCDE83 /* Debug */,
				72126EC11C2BEBF300BCDE83 /* Release */,
			);
			defaultConfigurationIsVisible = 0;
			defaultConfigurationName = Release;
		};
		72126EC21C2BEBF300BCDE83 /* Build configuration list for PBXNativeTarget "RedBlueTest" */ = {
			isa = XCConfigurationList;
			buildConfigurations = (
				72126EC31C2BEBF300BCDE83 /* Debug */,
				72126EC41C2BEBF300BCDE83 /* Release */,
			);
			defaultConfigurationIsVisible = 0;
		};
/* End XCConfigurationList section */
	};
	rootObject = 72126EA81C2BEBF100BCDE83 /* Project object */;
}
